// !$*UTF8*$!
{
	archiveVersion = 1;
	classes = {
	};
	objectVersion = 51;
	objects = {

/* Begin PBXBuildFile section */
		4AA1888D2486FA90009CFACE /* AppDelegate.swift in Sources */ = {isa = PBXBuildFile; fileRef = 4AA1888C2486FA90009CFACE /* AppDelegate.swift */; };
		4AA1888F2486FA90009CFACE /* ViewController.swift in Sources */ = {isa = PBXBuildFile; fileRef = 4AA1888E2486FA90009CFACE /* ViewController.swift */; };
		4AA188912486FA90009CFACE /* Assets.xcassets in Resources */ = {isa = PBXBuildFile; fileRef = 4AA188902486FA90009CFACE /* Assets.xcassets */; };
		4AA188942486FA90009CFACE /* Main.storyboard in Resources */ = {isa = PBXBuildFile; fileRef = 4AA188922486FA90009CFACE /* Main.storyboard */; };
		4AA188AB2486FA90009CFACE /* UITests.swift in Sources */ = {isa = PBXBuildFile; fileRef = 4AA188AA2486FA90009CFACE /* UITests.swift */; };
		4AD40A9124870708002728DA /* FirstSpec.swift in Sources */ = {isa = PBXBuildFile; fileRef = 4AD40A9024870708002728DA /* FirstSpec.swift */; };
		4AD40A9724884D9D002728DA /* XCUIElement+Extension.swift in Sources */ = {isa = PBXBuildFile; fileRef = 4AD40A9624884D9D002728DA /* XCUIElement+Extension.swift */; };
		8A5F1AE9407C253DE06D7659 /* Pods_UnitSpecs.framework in Frameworks */ = {isa = PBXBuildFile; fileRef = BEAB539467E58B9019619D15 /* Pods_UnitSpecs.framework */; };
		F9D986880EA1EDE43366AA60 /* Pods_App.framework in Frameworks */ = {isa = PBXBuildFile; fileRef = 98963E8A58AA9C03B3DEEDB9 /* Pods_App.framework */; };
/* End PBXBuildFile section */

/* Begin PBXContainerItemProxy section */
		4AA1889C2486FA90009CFACE /* PBXContainerItemProxy */ = {
			isa = PBXContainerItemProxy;
			containerPortal = 4AA188812486FA90009CFACE /* Project object */;
			proxyType = 1;
			remoteGlobalIDString = 4AA188882486FA90009CFACE;
			remoteInfo = SpartaConnect;
		};
		4AA188A72486FA90009CFACE /* PBXContainerItemProxy */ = {
			isa = PBXContainerItemProxy;
			containerPortal = 4AA188812486FA90009CFACE /* Project object */;
			proxyType = 1;
			remoteGlobalIDString = 4AA188882486FA90009CFACE;
			remoteInfo = SpartaConnect;
		};
/* End PBXContainerItemProxy section */

/* Begin PBXFileReference section */
		4A1DC8D06D85415B5E5370B8 /* Pods-UnitSpecs.release.xcconfig */ = {isa = PBXFileReference; includeInIndex = 1; lastKnownFileType = text.xcconfig; name = "Pods-UnitSpecs.release.xcconfig"; path = "Target Support Files/Pods-UnitSpecs/Pods-UnitSpecs.release.xcconfig"; sourceTree = "<group>"; };
		4AA188892486FA90009CFACE /* SpartaConnect.app */ = {isa = PBXFileReference; explicitFileType = wrapper.application; includeInIndex = 0; path = SpartaConnect.app; sourceTree = BUILT_PRODUCTS_DIR; };
		4AA1888C2486FA90009CFACE /* AppDelegate.swift */ = {isa = PBXFileReference; lastKnownFileType = sourcecode.swift; path = AppDelegate.swift; sourceTree = "<group>"; };
		4AA1888E2486FA90009CFACE /* ViewController.swift */ = {isa = PBXFileReference; lastKnownFileType = sourcecode.swift; path = ViewController.swift; sourceTree = "<group>"; };
		4AA188902486FA90009CFACE /* Assets.xcassets */ = {isa = PBXFileReference; lastKnownFileType = folder.assetcatalog; path = Assets.xcassets; sourceTree = "<group>"; };
		4AA188932486FA90009CFACE /* Base */ = {isa = PBXFileReference; lastKnownFileType = file.storyboard; name = Base; path = Base.lproj/Main.storyboard; sourceTree = "<group>"; };
		4AA188952486FA90009CFACE /* Info.plist */ = {isa = PBXFileReference; lastKnownFileType = text.plist.xml; path = Info.plist; sourceTree = "<group>"; };
		4AA188962486FA90009CFACE /* SpartaConnect.entitlements */ = {isa = PBXFileReference; lastKnownFileType = text.plist.entitlements; path = SpartaConnect.entitlements; sourceTree = "<group>"; };
		4AA1889B2486FA90009CFACE /* UnitSpecs.xctest */ = {isa = PBXFileReference; explicitFileType = wrapper.cfbundle; includeInIndex = 0; path = UnitSpecs.xctest; sourceTree = BUILT_PRODUCTS_DIR; };
		4AA188A12486FA90009CFACE /* Info.plist */ = {isa = PBXFileReference; lastKnownFileType = text.plist.xml; path = Info.plist; sourceTree = "<group>"; };
		4AA188A62486FA90009CFACE /* UITests.xctest */ = {isa = PBXFileReference; explicitFileType = wrapper.cfbundle; includeInIndex = 0; path = UITests.xctest; sourceTree = BUILT_PRODUCTS_DIR; };
		4AA188AA2486FA90009CFACE /* UITests.swift */ = {isa = PBXFileReference; lastKnownFileType = sourcecode.swift; path = UITests.swift; sourceTree = "<group>"; };
		4AA188AC2486FA90009CFACE /* Info.plist */ = {isa = PBXFileReference; lastKnownFileType = text.plist.xml; path = Info.plist; sourceTree = "<group>"; };
		4AD40A9024870708002728DA /* FirstSpec.swift */ = {isa = PBXFileReference; lastKnownFileType = sourcecode.swift; path = FirstSpec.swift; sourceTree = "<group>"; };
		4AD40A9224870C00002728DA /* ci.yml */ = {isa = PBXFileReference; lastKnownFileType = text.yaml; name = ci.yml; path = .github/workflows/ci.yml; sourceTree = "<group>"; };
		4AD40A94248848B0002728DA /* appcast.xml */ = {isa = PBXFileReference; lastKnownFileType = text.xml; path = appcast.xml; sourceTree = "<group>"; };
		4AD40A9524884ABE002728DA /* changelog.html */ = {isa = PBXFileReference; lastKnownFileType = text.html; path = changelog.html; sourceTree = "<group>"; };
		4AD40A9624884D9D002728DA /* XCUIElement+Extension.swift */ = {isa = PBXFileReference; fileEncoding = 4; lastKnownFileType = sourcecode.swift; path = "XCUIElement+Extension.swift"; sourceTree = "<group>"; };
		4AD40A9824885070002728DA /* SpartaConnect1.0.zip */ = {isa = PBXFileReference; lastKnownFileType = archive.zip; path = SpartaConnect1.0.zip; sourceTree = "<group>"; };
		4AD40A99248850E1002728DA /* README.md */ = {isa = PBXFileReference; lastKnownFileType = net.daringfireball.markdown; path = README.md; sourceTree = "<group>"; };
		4F6D20E6D4A8B716F1187D7F /* Pods-App.release.xcconfig */ = {isa = PBXFileReference; includeInIndex = 1; lastKnownFileType = text.xcconfig; name = "Pods-App.release.xcconfig"; path = "Target Support Files/Pods-App/Pods-App.release.xcconfig"; sourceTree = "<group>"; };
		62C3517740FE74FE30E501E8 /* Pods-App.debug.xcconfig */ = {isa = PBXFileReference; includeInIndex = 1; lastKnownFileType = text.xcconfig; name = "Pods-App.debug.xcconfig"; path = "Target Support Files/Pods-App/Pods-App.debug.xcconfig"; sourceTree = "<group>"; };
		98963E8A58AA9C03B3DEEDB9 /* Pods_App.framework */ = {isa = PBXFileReference; explicitFileType = wrapper.framework; includeInIndex = 0; path = Pods_App.framework; sourceTree = BUILT_PRODUCTS_DIR; };
		BEAB539467E58B9019619D15 /* Pods_UnitSpecs.framework */ = {isa = PBXFileReference; explicitFileType = wrapper.framework; includeInIndex = 0; path = Pods_UnitSpecs.framework; sourceTree = BUILT_PRODUCTS_DIR; };
		D1F4DEA75D91E9DAA8B4F01A /* Pods-UnitSpecs.debug.xcconfig */ = {isa = PBXFileReference; includeInIndex = 1; lastKnownFileType = text.xcconfig; name = "Pods-UnitSpecs.debug.xcconfig"; path = "Target Support Files/Pods-UnitSpecs/Pods-UnitSpecs.debug.xcconfig"; sourceTree = "<group>"; };
/* End PBXFileReference section */

/* Begin PBXFrameworksBuildPhase section */
		4AA188862486FA90009CFACE /* Frameworks */ = {
			isa = PBXFrameworksBuildPhase;
			buildActionMask = 2147483647;
			files = (
				F9D986880EA1EDE43366AA60 /* Pods_App.framework in Frameworks */,
			);
			runOnlyForDeploymentPostprocessing = 0;
		};
		4AA188982486FA90009CFACE /* Frameworks */ = {
			isa = PBXFrameworksBuildPhase;
			buildActionMask = 2147483647;
			files = (
				8A5F1AE9407C253DE06D7659 /* Pods_UnitSpecs.framework in Frameworks */,
			);
			runOnlyForDeploymentPostprocessing = 0;
		};
		4AA188A32486FA90009CFACE /* Frameworks */ = {
			isa = PBXFrameworksBuildPhase;
			buildActionMask = 2147483647;
			files = (
			);
			runOnlyForDeploymentPostprocessing = 0;
		};
/* End PBXFrameworksBuildPhase section */

/* Begin PBXGroup section */
		063DB6B416CC39F0745B790A /* Pods */ = {
			isa = PBXGroup;
			children = (
				62C3517740FE74FE30E501E8 /* Pods-App.debug.xcconfig */,
				4F6D20E6D4A8B716F1187D7F /* Pods-App.release.xcconfig */,
				D1F4DEA75D91E9DAA8B4F01A /* Pods-UnitSpecs.debug.xcconfig */,
				4A1DC8D06D85415B5E5370B8 /* Pods-UnitSpecs.release.xcconfig */,
			);
			path = Pods;
			sourceTree = "<group>";
		};
		4AA188802486FA90009CFACE = {
			isa = PBXGroup;
			children = (
				4AD40A99248850E1002728DA /* README.md */,
				4AD40A9224870C00002728DA /* ci.yml */,
				4AA1888B2486FA90009CFACE /* App */,
				4AA1889E2486FA90009CFACE /* UnitSpecs */,
				4AA188A92486FA90009CFACE /* UITests */,
				4AA1888A2486FA90009CFACE /* Products */,
				063DB6B416CC39F0745B790A /* Pods */,
				94E1F5559CB8D4D75B27F03B /* Frameworks */,
			);
			sourceTree = "<group>";
		};
		4AA1888A2486FA90009CFACE /* Products */ = {
			isa = PBXGroup;
			children = (
				4AA188892486FA90009CFACE /* SpartaConnect.app */,
				4AA1889B2486FA90009CFACE /* UnitSpecs.xctest */,
				4AA188A62486FA90009CFACE /* UITests.xctest */,
			);
			name = Products;
			sourceTree = "<group>";
		};
		4AA1888B2486FA90009CFACE /* App */ = {
			isa = PBXGroup;
			children = (
				4AA1888C2486FA90009CFACE /* AppDelegate.swift */,
				4AA1888E2486FA90009CFACE /* ViewController.swift */,
				4AA188902486FA90009CFACE /* Assets.xcassets */,
				4AA188922486FA90009CFACE /* Main.storyboard */,
				4AA188952486FA90009CFACE /* Info.plist */,
				4AA188962486FA90009CFACE /* SpartaConnect.entitlements */,
			);
			path = App;
			sourceTree = "<group>";
		};
		4AA1889E2486FA90009CFACE /* UnitSpecs */ = {
			isa = PBXGroup;
			children = (
				4AA188A12486FA90009CFACE /* Info.plist */,
				4AD40A9024870708002728DA /* FirstSpec.swift */,
			);
			path = UnitSpecs;
			sourceTree = "<group>";
		};
		4AA188A92486FA90009CFACE /* UITests */ = {
			isa = PBXGroup;
			children = (
				4AA188AA2486FA90009CFACE /* UITests.swift */,
				4AD40A9624884D9D002728DA /* XCUIElement+Extension.swift */,
				4AD40A93248848B0002728DA /* mockHttpServer */,
				4AA188AC2486FA90009CFACE /* Info.plist */,
			);
			path = UITests;
			sourceTree = "<group>";
		};
		4AD40A93248848B0002728DA /* mockHttpServer */ = {
			isa = PBXGroup;
			children = (
				4AD40A9824885070002728DA /* SpartaConnect1.0.zip */,
				4AD40A9524884ABE002728DA /* changelog.html */,
				4AD40A94248848B0002728DA /* appcast.xml */,
			);
			path = mockHttpServer;
			sourceTree = "<group>";
		};
		94E1F5559CB8D4D75B27F03B /* Frameworks */ = {
			isa = PBXGroup;
			children = (
				98963E8A58AA9C03B3DEEDB9 /* Pods_App.framework */,
				BEAB539467E58B9019619D15 /* Pods_UnitSpecs.framework */,
			);
			name = Frameworks;
			sourceTree = "<group>";
		};
/* End PBXGroup section */

/* Begin PBXNativeTarget section */
		4AA188882486FA90009CFACE /* App */ = {
			isa = PBXNativeTarget;
			buildConfigurationList = 4AA188AF2486FA90009CFACE /* Build configuration list for PBXNativeTarget "App" */;
			buildPhases = (
				BE4C2F2C83983B15E70C5C0D /* [CP] Check Pods Manifest.lock */,
				4AA188852486FA90009CFACE /* Sources */,
				4AA188862486FA90009CFACE /* Frameworks */,
				4AA188872486FA90009CFACE /* Resources */,
				371616C32BFF65F4BDB6979B /* [CP] Embed Pods Frameworks */,
			);
			buildRules = (
			);
			dependencies = (
			);
			name = App;
			productName = SpartaConnect;
			productReference = 4AA188892486FA90009CFACE /* SpartaConnect.app */;
			productType = "com.apple.product-type.application";
		};
		4AA1889A2486FA90009CFACE /* UnitSpecs */ = {
			isa = PBXNativeTarget;
			buildConfigurationList = 4AA188B22486FA90009CFACE /* Build configuration list for PBXNativeTarget "UnitSpecs" */;
			buildPhases = (
				14D759BA1D9D7B643AA1F669 /* [CP] Check Pods Manifest.lock */,
				4AA188972486FA90009CFACE /* Sources */,
				4AA188982486FA90009CFACE /* Frameworks */,
				4AA188992486FA90009CFACE /* Resources */,
				79E3A8DD0A49B026A99E8E5B /* [CP] Embed Pods Frameworks */,
			);
			buildRules = (
			);
			dependencies = (
				4AA1889D2486FA90009CFACE /* PBXTargetDependency */,
			);
			name = UnitSpecs;
			productName = SpartaConnectTests;
			productReference = 4AA1889B2486FA90009CFACE /* UnitSpecs.xctest */;
			productType = "com.apple.product-type.bundle.unit-test";
		};
		4AA188A52486FA90009CFACE /* UITests */ = {
			isa = PBXNativeTarget;
			buildConfigurationList = 4AA188B52486FA90009CFACE /* Build configuration list for PBXNativeTarget "UITests" */;
			buildPhases = (
				4AA188A22486FA90009CFACE /* Sources */,
				4AA188A32486FA90009CFACE /* Frameworks */,
				4AA188A42486FA90009CFACE /* Resources */,
			);
			buildRules = (
			);
			dependencies = (
				4AA188A82486FA90009CFACE /* PBXTargetDependency */,
			);
			name = UITests;
			productName = SpartaConnectUITests;
			productReference = 4AA188A62486FA90009CFACE /* UITests.xctest */;
			productType = "com.apple.product-type.bundle.ui-testing";
		};
/* End PBXNativeTarget section */

/* Begin PBXProject section */
		4AA188812486FA90009CFACE /* Project object */ = {
			isa = PBXProject;
			attributes = {
				LastSwiftUpdateCheck = 1150;
				LastUpgradeCheck = 1150;
				ORGANIZATIONNAME = "Sparta Science";
				TargetAttributes = {
					4AA188882486FA90009CFACE = {
						CreatedOnToolsVersion = 11.5;
					};
					4AA1889A2486FA90009CFACE = {
						CreatedOnToolsVersion = 11.5;
						LastSwiftMigration = 1150;
						TestTargetID = 4AA188882486FA90009CFACE;
					};
					4AA188A52486FA90009CFACE = {
						CreatedOnToolsVersion = 11.5;
						TestTargetID = 4AA188882486FA90009CFACE;
					};
				};
			};
			buildConfigurationList = 4AA188842486FA90009CFACE /* Build configuration list for PBXProject "SpartaConnect" */;
			compatibilityVersion = "Xcode 9.3";
			developmentRegion = en;
			hasScannedForEncodings = 0;
			knownRegions = (
				en,
				Base,
			);
			mainGroup = 4AA188802486FA90009CFACE;
			productRefGroup = 4AA1888A2486FA90009CFACE /* Products */;
			projectDirPath = "";
			projectRoot = "";
			targets = (
				4AA188882486FA90009CFACE /* App */,
				4AA1889A2486FA90009CFACE /* UnitSpecs */,
				4AA188A52486FA90009CFACE /* UITests */,
			);
		};
/* End PBXProject section */

/* Begin PBXResourcesBuildPhase section */
		4AA188872486FA90009CFACE /* Resources */ = {
			isa = PBXResourcesBuildPhase;
			buildActionMask = 2147483647;
			files = (
				4AA188912486FA90009CFACE /* Assets.xcassets in Resources */,
				4AA188942486FA90009CFACE /* Main.storyboard in Resources */,
			);
			runOnlyForDeploymentPostprocessing = 0;
		};
		4AA188992486FA90009CFACE /* Resources */ = {
			isa = PBXResourcesBuildPhase;
			buildActionMask = 2147483647;
			files = (
			);
			runOnlyForDeploymentPostprocessing = 0;
		};
		4AA188A42486FA90009CFACE /* Resources */ = {
			isa = PBXResourcesBuildPhase;
			buildActionMask = 2147483647;
			files = (
			);
			runOnlyForDeploymentPostprocessing = 0;
		};
/* End PBXResourcesBuildPhase section */

/* Begin PBXShellScriptBuildPhase section */
		14D759BA1D9D7B643AA1F669 /* [CP] Check Pods Manifest.lock */ = {
			isa = PBXShellScriptBuildPhase;
			buildActionMask = 2147483647;
			files = (
			);
			inputFileListPaths = (
			);
			inputPaths = (
				"${PODS_PODFILE_DIR_PATH}/Podfile.lock",
				"${PODS_ROOT}/Manifest.lock",
			);
			name = "[CP] Check Pods Manifest.lock";
			outputFileListPaths = (
			);
			outputPaths = (
				"$(DERIVED_FILE_DIR)/Pods-UnitSpecs-checkManifestLockResult.txt",
			);
			runOnlyForDeploymentPostprocessing = 0;
			shellPath = /bin/sh;
			shellScript = "diff \"${PODS_PODFILE_DIR_PATH}/Podfile.lock\" \"${PODS_ROOT}/Manifest.lock\" > /dev/null\nif [ $? != 0 ] ; then\n    # print error to STDERR\n    echo \"error: The sandbox is not in sync with the Podfile.lock. Run 'pod install' or update your CocoaPods installation.\" >&2\n    exit 1\nfi\n# This output is used by Xcode 'outputs' to avoid re-running this script phase.\necho \"SUCCESS\" > \"${SCRIPT_OUTPUT_FILE_0}\"\n";
			showEnvVarsInLog = 0;
		};
		371616C32BFF65F4BDB6979B /* [CP] Embed Pods Frameworks */ = {
			isa = PBXShellScriptBuildPhase;
			buildActionMask = 2147483647;
			files = (
			);
			inputFileListPaths = (
				"${PODS_ROOT}/Target Support Files/Pods-App/Pods-App-frameworks-${CONFIGURATION}-input-files.xcfilelist",
			);
			name = "[CP] Embed Pods Frameworks";
			outputFileListPaths = (
				"${PODS_ROOT}/Target Support Files/Pods-App/Pods-App-frameworks-${CONFIGURATION}-output-files.xcfilelist",
			);
			runOnlyForDeploymentPostprocessing = 0;
			shellPath = /bin/sh;
			shellScript = "\"${PODS_ROOT}/Target Support Files/Pods-App/Pods-App-frameworks.sh\"\n";
			showEnvVarsInLog = 0;
		};
		79E3A8DD0A49B026A99E8E5B /* [CP] Embed Pods Frameworks */ = {
			isa = PBXShellScriptBuildPhase;
			buildActionMask = 2147483647;
			files = (
			);
			inputFileListPaths = (
				"${PODS_ROOT}/Target Support Files/Pods-UnitSpecs/Pods-UnitSpecs-frameworks-${CONFIGURATION}-input-files.xcfilelist",
			);
			name = "[CP] Embed Pods Frameworks";
			outputFileListPaths = (
				"${PODS_ROOT}/Target Support Files/Pods-UnitSpecs/Pods-UnitSpecs-frameworks-${CONFIGURATION}-output-files.xcfilelist",
			);
			runOnlyForDeploymentPostprocessing = 0;
			shellPath = /bin/sh;
			shellScript = "\"${PODS_ROOT}/Target Support Files/Pods-UnitSpecs/Pods-UnitSpecs-frameworks.sh\"\n";
			showEnvVarsInLog = 0;
		};
		BE4C2F2C83983B15E70C5C0D /* [CP] Check Pods Manifest.lock */ = {
			isa = PBXShellScriptBuildPhase;
			buildActionMask = 2147483647;
			files = (
			);
			inputFileListPaths = (
			);
			inputPaths = (
				"${PODS_PODFILE_DIR_PATH}/Podfile.lock",
				"${PODS_ROOT}/Manifest.lock",
			);
			name = "[CP] Check Pods Manifest.lock";
			outputFileListPaths = (
			);
			outputPaths = (
				"$(DERIVED_FILE_DIR)/Pods-App-checkManifestLockResult.txt",
			);
			runOnlyForDeploymentPostprocessing = 0;
			shellPath = /bin/sh;
			shellScript = "diff \"${PODS_PODFILE_DIR_PATH}/Podfile.lock\" \"${PODS_ROOT}/Manifest.lock\" > /dev/null\nif [ $? != 0 ] ; then\n    # print error to STDERR\n    echo \"error: The sandbox is not in sync with the Podfile.lock. Run 'pod install' or update your CocoaPods installation.\" >&2\n    exit 1\nfi\n# This output is used by Xcode 'outputs' to avoid re-running this script phase.\necho \"SUCCESS\" > \"${SCRIPT_OUTPUT_FILE_0}\"\n";
			showEnvVarsInLog = 0;
		};
/* End PBXShellScriptBuildPhase section */

/* Begin PBXSourcesBuildPhase section */
		4AA188852486FA90009CFACE /* Sources */ = {
			isa = PBXSourcesBuildPhase;
			buildActionMask = 2147483647;
			files = (
				4AA1888F2486FA90009CFACE /* ViewController.swift in Sources */,
				4AA1888D2486FA90009CFACE /* AppDelegate.swift in Sources */,
			);
			runOnlyForDeploymentPostprocessing = 0;
		};
		4AA188972486FA90009CFACE /* Sources */ = {
			isa = PBXSourcesBuildPhase;
			buildActionMask = 2147483647;
			files = (
				4AD40A9124870708002728DA /* FirstSpec.swift in Sources */,
			);
			runOnlyForDeploymentPostprocessing = 0;
		};
		4AA188A22486FA90009CFACE /* Sources */ = {
			isa = PBXSourcesBuildPhase;
			buildActionMask = 2147483647;
			files = (
				4AA188AB2486FA90009CFACE /* UITests.swift in Sources */,
				4AD40A9724884D9D002728DA /* XCUIElement+Extension.swift in Sources */,
			);
			runOnlyForDeploymentPostprocessing = 0;
		};
/* End PBXSourcesBuildPhase section */

/* Begin PBXTargetDependency section */
		4AA1889D2486FA90009CFACE /* PBXTargetDependency */ = {
			isa = PBXTargetDependency;
			target = 4AA188882486FA90009CFACE /* App */;
			targetProxy = 4AA1889C2486FA90009CFACE /* PBXContainerItemProxy */;
		};
		4AA188A82486FA90009CFACE /* PBXTargetDependency */ = {
			isa = PBXTargetDependency;
			target = 4AA188882486FA90009CFACE /* App */;
			targetProxy = 4AA188A72486FA90009CFACE /* PBXContainerItemProxy */;
		};
/* End PBXTargetDependency section */

/* Begin PBXVariantGroup section */
		4AA188922486FA90009CFACE /* Main.storyboard */ = {
			isa = PBXVariantGroup;
			children = (
				4AA188932486FA90009CFACE /* Base */,
			);
			name = Main.storyboard;
			sourceTree = "<group>";
		};
/* End PBXVariantGroup section */

/* Begin XCBuildConfiguration section */
		4AA188AD2486FA90009CFACE /* Debug */ = {
			isa = XCBuildConfiguration;
			buildSettings = {
				ALWAYS_SEARCH_USER_PATHS = NO;
				CLANG_ANALYZER_NONNULL = YES;
				CLANG_ANALYZER_NUMBER_OBJECT_CONVERSION = YES_AGGRESSIVE;
				CLANG_CXX_LANGUAGE_STANDARD = "gnu++14";
				CLANG_CXX_LIBRARY = "libc++";
				CLANG_ENABLE_MODULES = YES;
				CLANG_ENABLE_OBJC_ARC = YES;
				CLANG_ENABLE_OBJC_WEAK = YES;
				CLANG_WARN_BLOCK_CAPTURE_AUTORELEASING = YES;
				CLANG_WARN_BOOL_CONVERSION = YES;
				CLANG_WARN_COMMA = YES;
				CLANG_WARN_CONSTANT_CONVERSION = YES;
				CLANG_WARN_DEPRECATED_OBJC_IMPLEMENTATIONS = YES;
				CLANG_WARN_DIRECT_OBJC_ISA_USAGE = YES_ERROR;
				CLANG_WARN_DOCUMENTATION_COMMENTS = YES;
				CLANG_WARN_EMPTY_BODY = YES;
				CLANG_WARN_ENUM_CONVERSION = YES;
				CLANG_WARN_INFINITE_RECURSION = YES;
				CLANG_WARN_INT_CONVERSION = YES;
				CLANG_WARN_NON_LITERAL_NULL_CONVERSION = YES;
				CLANG_WARN_OBJC_IMPLICIT_RETAIN_SELF = YES;
				CLANG_WARN_OBJC_LITERAL_CONVERSION = YES;
				CLANG_WARN_OBJC_ROOT_CLASS = YES_ERROR;
				CLANG_WARN_RANGE_LOOP_ANALYSIS = YES;
				CLANG_WARN_STRICT_PROTOTYPES = YES;
				CLANG_WARN_SUSPICIOUS_MOVE = YES;
				CLANG_WARN_UNGUARDED_AVAILABILITY = YES_AGGRESSIVE;
				CLANG_WARN_UNREACHABLE_CODE = YES;
				CLANG_WARN__DUPLICATE_METHOD_MATCH = YES;
				COPY_PHASE_STRIP = NO;
				DEBUG_INFORMATION_FORMAT = dwarf;
				ENABLE_STRICT_OBJC_MSGSEND = YES;
				ENABLE_TESTABILITY = YES;
				GCC_C_LANGUAGE_STANDARD = gnu11;
				GCC_DYNAMIC_NO_PIC = NO;
				GCC_NO_COMMON_BLOCKS = YES;
				GCC_OPTIMIZATION_LEVEL = 0;
				GCC_PREPROCESSOR_DEFINITIONS = (
					"DEBUG=1",
					"$(inherited)",
				);
				GCC_WARN_64_TO_32_BIT_CONVERSION = YES;
				GCC_WARN_ABOUT_RETURN_TYPE = YES_ERROR;
				GCC_WARN_UNDECLARED_SELECTOR = YES;
				GCC_WARN_UNINITIALIZED_AUTOS = YES_AGGRESSIVE;
				GCC_WARN_UNUSED_FUNCTION = YES;
				GCC_WARN_UNUSED_VARIABLE = YES;
				MACOSX_DEPLOYMENT_TARGET = 10.15;
				MTL_ENABLE_DEBUG_INFO = INCLUDE_SOURCE;
				MTL_FAST_MATH = YES;
				ONLY_ACTIVE_ARCH = YES;
				SDKROOT = macosx;
				SWIFT_ACTIVE_COMPILATION_CONDITIONS = DEBUG;
				SWIFT_OPTIMIZATION_LEVEL = "-Onone";
				SWIFT_VERSION = 5.0;
			};
			name = Debug;
		};
		4AA188AE2486FA90009CFACE /* Release */ = {
			isa = XCBuildConfiguration;
			buildSettings = {
				ALWAYS_SEARCH_USER_PATHS = NO;
				CLANG_ANALYZER_NONNULL = YES;
				CLANG_ANALYZER_NUMBER_OBJECT_CONVERSION = YES_AGGRESSIVE;
				CLANG_CXX_LANGUAGE_STANDARD = "gnu++14";
				CLANG_CXX_LIBRARY = "libc++";
				CLANG_ENABLE_MODULES = YES;
				CLANG_ENABLE_OBJC_ARC = YES;
				CLANG_ENABLE_OBJC_WEAK = YES;
				CLANG_WARN_BLOCK_CAPTURE_AUTORELEASING = YES;
				CLANG_WARN_BOOL_CONVERSION = YES;
				CLANG_WARN_COMMA = YES;
				CLANG_WARN_CONSTANT_CONVERSION = YES;
				CLANG_WARN_DEPRECATED_OBJC_IMPLEMENTATIONS = YES;
				CLANG_WARN_DIRECT_OBJC_ISA_USAGE = YES_ERROR;
				CLANG_WARN_DOCUMENTATION_COMMENTS = YES;
				CLANG_WARN_EMPTY_BODY = YES;
				CLANG_WARN_ENUM_CONVERSION = YES;
				CLANG_WARN_INFINITE_RECURSION = YES;
				CLANG_WARN_INT_CONVERSION = YES;
				CLANG_WARN_NON_LITERAL_NULL_CONVERSION = YES;
				CLANG_WARN_OBJC_IMPLICIT_RETAIN_SELF = YES;
				CLANG_WARN_OBJC_LITERAL_CONVERSION = YES;
				CLANG_WARN_OBJC_ROOT_CLASS = YES_ERROR;
				CLANG_WARN_RANGE_LOOP_ANALYSIS = YES;
				CLANG_WARN_STRICT_PROTOTYPES = YES;
				CLANG_WARN_SUSPICIOUS_MOVE = YES;
				CLANG_WARN_UNGUARDED_AVAILABILITY = YES_AGGRESSIVE;
				CLANG_WARN_UNREACHABLE_CODE = YES;
				CLANG_WARN__DUPLICATE_METHOD_MATCH = YES;
				COPY_PHASE_STRIP = NO;
				DEBUG_INFORMATION_FORMAT = "dwarf-with-dsym";
				ENABLE_NS_ASSERTIONS = NO;
				ENABLE_STRICT_OBJC_MSGSEND = YES;
				GCC_C_LANGUAGE_STANDARD = gnu11;
				GCC_NO_COMMON_BLOCKS = YES;
				GCC_WARN_64_TO_32_BIT_CONVERSION = YES;
				GCC_WARN_ABOUT_RETURN_TYPE = YES_ERROR;
				GCC_WARN_UNDECLARED_SELECTOR = YES;
				GCC_WARN_UNINITIALIZED_AUTOS = YES_AGGRESSIVE;
				GCC_WARN_UNUSED_FUNCTION = YES;
				GCC_WARN_UNUSED_VARIABLE = YES;
				MACOSX_DEPLOYMENT_TARGET = 10.15;
				MTL_ENABLE_DEBUG_INFO = NO;
				MTL_FAST_MATH = YES;
				SDKROOT = macosx;
				SWIFT_COMPILATION_MODE = wholemodule;
				SWIFT_OPTIMIZATION_LEVEL = "-O";
				SWIFT_VERSION = 5.0;
			};
			name = Release;
		};
		4AA188B02486FA90009CFACE /* Debug */ = {
			isa = XCBuildConfiguration;
			baseConfigurationReference = 62C3517740FE74FE30E501E8 /* Pods-App.debug.xcconfig */;
			buildSettings = {
				ASSETCATALOG_COMPILER_APPICON_NAME = AppIcon;
				CODE_SIGN_ENTITLEMENTS = App/SpartaConnect.entitlements;
				CODE_SIGN_STYLE = Automatic;
				INFOPLIST_FILE = App/Info.plist;
				LD_RUNPATH_SEARCH_PATHS = (
					"$(inherited)",
					"@executable_path/../Frameworks",
				);
				PRODUCT_BUNDLE_IDENTIFIER = com.spartascience.SpartaConnect;
				PRODUCT_NAME = SpartaConnect;
			};
			name = Debug;
		};
		4AA188B12486FA90009CFACE /* Release */ = {
			isa = XCBuildConfiguration;
			baseConfigurationReference = 4F6D20E6D4A8B716F1187D7F /* Pods-App.release.xcconfig */;
			buildSettings = {
				ASSETCATALOG_COMPILER_APPICON_NAME = AppIcon;
				CODE_SIGN_ENTITLEMENTS = App/SpartaConnect.entitlements;
				CODE_SIGN_STYLE = Automatic;
				INFOPLIST_FILE = App/Info.plist;
				LD_RUNPATH_SEARCH_PATHS = (
					"$(inherited)",
					"@executable_path/../Frameworks",
				);
				PRODUCT_BUNDLE_IDENTIFIER = com.spartascience.SpartaConnect;
				PRODUCT_NAME = SpartaConnect;
			};
			name = Release;
		};
		4AA188B32486FA90009CFACE /* Debug */ = {
			isa = XCBuildConfiguration;
			baseConfigurationReference = D1F4DEA75D91E9DAA8B4F01A /* Pods-UnitSpecs.debug.xcconfig */;
			buildSettings = {
				BUNDLE_LOADER = "$(TEST_HOST)";
				CLANG_ENABLE_MODULES = YES;
				CODE_SIGN_STYLE = Automatic;
				INFOPLIST_FILE = UnitSpecs/Info.plist;
				LD_RUNPATH_SEARCH_PATHS = (
					"$(inherited)",
					"@executable_path/../Frameworks",
					"@loader_path/../Frameworks",
				);
				PRODUCT_BUNDLE_IDENTIFIER = com.spartascience.SpartaConnectTests;
				PRODUCT_NAME = "$(TARGET_NAME)";
				SWIFT_OPTIMIZATION_LEVEL = "-Onone";
				SWIFT_VERSION = 5.0;
				TEST_HOST = "$(BUILT_PRODUCTS_DIR)/SpartaConnect.app/Contents/MacOS/SpartaConnect";
			};
			name = Debug;
		};
		4AA188B42486FA90009CFACE /* Release */ = {
			isa = XCBuildConfiguration;
			baseConfigurationReference = 4A1DC8D06D85415B5E5370B8 /* Pods-UnitSpecs.release.xcconfig */;
			buildSettings = {
				BUNDLE_LOADER = "$(TEST_HOST)";
				CLANG_ENABLE_MODULES = YES;
				CODE_SIGN_STYLE = Automatic;
				INFOPLIST_FILE = UnitSpecs/Info.plist;
				LD_RUNPATH_SEARCH_PATHS = (
					"$(inherited)",
					"@executable_path/../Frameworks",
					"@loader_path/../Frameworks",
				);
				PRODUCT_BUNDLE_IDENTIFIER = com.spartascience.SpartaConnectTests;
				PRODUCT_NAME = "$(TARGET_NAME)";
				SWIFT_VERSION = 5.0;
				TEST_HOST = "$(BUILT_PRODUCTS_DIR)/SpartaConnect.app/Contents/MacOS/SpartaConnect";
			};
			name = Release;
		};
		4AA188B62486FA90009CFACE /* Debug */ = {
			isa = XCBuildConfiguration;
			buildSettings = {
				ALWAYS_EMBED_SWIFT_STANDARD_LIBRARIES = YES;
				CODE_SIGN_STYLE = Automatic;
				COMBINE_HIDPI_IMAGES = YES;
				INFOPLIST_FILE = UITests/Info.plist;
				LD_RUNPATH_SEARCH_PATHS = (
					"$(inherited)",
					"@executable_path/../Frameworks",
					"@loader_path/../Frameworks",
				);
				PRODUCT_BUNDLE_IDENTIFIER = com.spartascience.SpartaConnectUITests;
				PRODUCT_NAME = "$(TARGET_NAME)";
				PROVISIONING_PROFILE = "";
				TEST_TARGET_NAME = App;
			};
			name = Debug;
		};
		4AA188B72486FA90009CFACE /* Release */ = {
			isa = XCBuildConfiguration;
			buildSettings = {
				ALWAYS_EMBED_SWIFT_STANDARD_LIBRARIES = YES;
				CODE_SIGN_STYLE = Automatic;
				COMBINE_HIDPI_IMAGES = YES;
				INFOPLIST_FILE = UITests/Info.plist;
				LD_RUNPATH_SEARCH_PATHS = (
					"$(inherited)",
					"@executable_path/../Frameworks",
					"@loader_path/../Frameworks",
				);
				PRODUCT_BUNDLE_IDENTIFIER = com.spartascience.SpartaConnectUITests;
				PRODUCT_NAME = "$(TARGET_NAME)";
				PROVISIONING_PROFILE = "";
				TEST_TARGET_NAME = App;
			};
			name = Release;
		};
/* End XCBuildConfiguration section */

/* Begin XCConfigurationList section */
		4AA188842486FA90009CFACE /* Build configuration list for PBXProject "SpartaConnect" */ = {
			isa = XCConfigurationList;
			buildConfigurations = (
				4AA188AD2486FA90009CFACE /* Debug */,
				4AA188AE2486FA90009CFACE /* Release */,
			);
			defaultConfigurationIsVisible = 0;
			defaultConfigurationName = Release;
		};
		4AA188AF2486FA90009CFACE /* Build configuration list for PBXNativeTarget "App" */ = {
			isa = XCConfigurationList;
			buildConfigurations = (
				4AA188B02486FA90009CFACE /* Debug */,
				4AA188B12486FA90009CFACE /* Release */,
			);
			defaultConfigurationIsVisible = 0;
			defaultConfigurationName = Release;
		};
		4AA188B22486FA90009CFACE /* Build configuration list for PBXNativeTarget "UnitSpecs" */ = {
			isa = XCConfigurationList;
			buildConfigurations = (
				4AA188B32486FA90009CFACE /* Debug */,
				4AA188B42486FA90009CFACE /* Release */,
			);
			defaultConfigurationIsVisible = 0;
			defaultConfigurationName = Release;
		};
		4AA188B52486FA90009CFACE /* Build configuration list for PBXNativeTarget "UITests" */ = {
			isa = XCConfigurationList;
			buildConfigurations = (
				4AA188B62486FA90009CFACE /* Debug */,
				4AA188B72486FA90009CFACE /* Release */,
			);
			defaultConfigurationIsVisible = 0;
			defaultConfigurationName = Release;
		};
/* End XCConfigurationList section */
	};
	rootObject = 4AA188812486FA90009CFACE /* Project object */;
}
